{
  "name": "pizza-maker",
  "version": "1.0.0",
  "lockfileVersion": 1,
  "requires": true,
  "dependencies": {
    "vazir-font": {
      "version": "24.1.0",
      "resolved": "https://registry.npmjs.org/vazir-font/-/vazir-font-24.1.0.tgz",
      "integrity": "sha512-rmD8mUNlIutpKYsN2vujbxsONfFL7PA30hiuc1Qtf/qGlKhsSUtTrh1C4fpTFlh8k2Ww2+O4f6VBbg5O8QXWHw=="
    }
  }
}
